
Microsoft Visual Studio Solution File, Format Version 12.00
# Visual Studio Version 17
VisualStudioVersion = 17.11.35303.130
MinimumVisualStudioVersion = 10.0.40219.1
Project("{2150E333-8FDC-42A3-9474-1A3956D46DE8}") = "Task0", "Task0", "{898FE159-5D80-4CC0-BDD2-6B87DC2CB96D}"
EndProject
Project("{9A19103F-16F7-4668-BE54-9A1E7A4F7556}") = "Tyuiu.GulienkoPO.Sprint6.Task0.V17.Test", "Tyuiu.GulienkoPO.Sprint6.Task0.V17.Test\Tyuiu.GulienkoPO.Sprint6.Task0.V17.Test.csproj", "{540A66CC-5011-4225-BF8A-781CECBCC065}"
EndProject
Project("{9A19103F-16F7-4668-BE54-9A1E7A4F7556}") = "Tyuiu.GulienkoPO.Sprint6.Task0.V17.Lib", "Tyuiu.GulienkoPO.Sprint6.Task0.V17.Lib\Tyuiu.GulienkoPO.Sprint6.Task0.V17.Lib.csproj", "{A1223AA5-16F2-4EB1-8794-D3026B79951A}"
EndProject
Project("{FAE04EC0-301F-11D3-BF4B-00C04F79EFBC}") = "Tyuiu.GulienkoPO.Sprint6.Task0.V17", "Tyuiu.GulienkoPO.Sprint6.Task0.V17\Tyuiu.GulienkoPO.Sprint6.Task0.V17.csproj", "{D80DD997-5C8F-43BA-A3CE-47F053F3993D}"
EndProject
Project("{2150E333-8FDC-42A3-9474-1A3956D46DE8}") = "Task1", "Task1", "{5B351F30-3FB6-4C46-AEA2-1F647A459BB2}"
EndProject
Project("{9A19103F-16F7-4668-BE54-9A1E7A4F7556}") = "Tyuiu.GulienkoPO.Sprint6.Task1.V3.Lib", "Tyuiu.GulienkoPO.Sprint6.Task1.V3.Lib\Tyuiu.GulienkoPO.Sprint6.Task1.V3.Lib.csproj", "{80D57BA6-18A1-477A-B313-E1FF1A4B36FB}"
EndProject
Project("{9A19103F-16F7-4668-BE54-9A1E7A4F7556}") = "Tyuiu.GulienkoPO.Sprint6.Task1.V3.Test", "Tyuiu.GulienkoPO.Sprint6.Task1.V3.Test\Tyuiu.GulienkoPO.Sprint6.Task1.V3.Test.csproj", "{0B03C3A9-4267-4573-BE55-B11FB13FEBE8}"
EndProject
Project("{FAE04EC0-301F-11D3-BF4B-00C04F79EFBC}") = "Tyuiu.GulienkoPO.Sprint6.Task1.V3", "Tyuiu.GulienkoPO.Sprint6.Task1.V3\Tyuiu.GulienkoPO.Sprint6.Task1.V3.csproj", "{96BA0596-CA87-4BF7-AF31-70D382368F9D}"
EndProject
Project("{2150E333-8FDC-42A3-9474-1A3956D46DE8}") = "Task2", "Task2", "{96DCEA06-EDCE-48A3-81DA-4971FC53A4CD}"
EndProject
Project("{9A19103F-16F7-4668-BE54-9A1E7A4F7556}") = "Tyuiu.GulienkoPO.Sprint6.Task2.V17.Lib", "Tyuiu.GulienkoPO.Sprint6.Task2.V17.Lib\Tyuiu.GulienkoPO.Sprint6.Task2.V17.Lib.csproj", "{932872B3-0DEB-4130-8EEB-20381F1F2EC8}"
EndProject
Project("{9A19103F-16F7-4668-BE54-9A1E7A4F7556}") = "Tyuiu.GulienkoPO.Sprint6.Task2.V17.Test", "Tyuiu.GulienkoPO.Sprint6.Task2.V17.Test\Tyuiu.GulienkoPO.Sprint6.Task2.V17.Test.csproj", "{F8A1EF03-87EE-4E1C-BDE0-83E028E4DDE1}"
EndProject
Project("{9A19103F-16F7-4668-BE54-9A1E7A4F7556}") = "Tyuiu.GulienkoPO.Sprint6.Task2.V17", "Tyuiu.GulienkoPO.Sprint6.Task2.V17\Tyuiu.GulienkoPO.Sprint6.Task2.V17.csproj", "{8F158F40-FA5C-4B71-9513-7228A9FBDC45}"
EndProject
Project("{2150E333-8FDC-42A3-9474-1A3956D46DE8}") = "Task3", "Task3", "{1890F119-4961-4412-A3C0-BEC9E19551BC}"
EndProject
Project("{9A19103F-16F7-4668-BE54-9A1E7A4F7556}") = "Tyuiu.GulienkoPO.Sprint6.Task3.V26.Lib", "Tyuiu.GulienkoPO.Sprint6.Task3.V26.Lib\Tyuiu.GulienkoPO.Sprint6.Task3.V26.Lib.csproj", "{4B60FD63-C3D8-4F73-A238-72FC8C51767B}"
EndProject
Project("{9A19103F-16F7-4668-BE54-9A1E7A4F7556}") = "Tyuiu.GulienkoPO.Sprint6.Task3.V26.Test", "Tyuiu.GulienkoPO.Sprint6.Task3.V26.Test\Tyuiu.GulienkoPO.Sprint6.Task3.V26.Test.csproj", "{E2888676-DEC7-4B67-B58B-B8B3351DB3E4}"
EndProject
Project("{9A19103F-16F7-4668-BE54-9A1E7A4F7556}") = "Tyuiu.GulienkoPO.Sprint6.Task3.V26", "Tyuiu.GulienkoPO.Sprint6.Task3.V26\Tyuiu.GulienkoPO.Sprint6.Task3.V26.csproj", "{3FBD9F5C-0602-4426-9169-C2D343CAAF7C}"
EndProject
Project("{2150E333-8FDC-42A3-9474-1A3956D46DE8}") = "Task4", "Task4", "{CB81E12B-8441-40E8-9251-07BFC7F99B58}"
EndProject
Project("{9A19103F-16F7-4668-BE54-9A1E7A4F7556}") = "Tyuiu.GulienkoPO.Sprint6.Task4.V18.Lib", "Tyuiu.GulienkoPO.Sprint6.Task4.V18.Lib\Tyuiu.GulienkoPO.Sprint6.Task4.V18.Lib.csproj", "{D03F63CB-321C-487E-83F0-02DBB2D7FE3F}"
EndProject
Project("{9A19103F-16F7-4668-BE54-9A1E7A4F7556}") = "Tyuiu.GulienkoPO.Sprint6.Task4.V18.Test", "Tyuiu.GulienkoPO.Sprint6.Task4.V18.Test\Tyuiu.GulienkoPO.Sprint6.Task4.V18.Test.csproj", "{24BC90A8-6826-4D11-AED9-959A3B24544D}"
EndProject
Project("{9A19103F-16F7-4668-BE54-9A1E7A4F7556}") = "Tyuiu.GulienkoPO.Sprint6.Task4.V18", "Tyuiu.GulienkoPO.Sprint6.Task4.V18\Tyuiu.GulienkoPO.Sprint6.Task4.V18.csproj", "{988734C3-EB5B-4ADE-8343-DCF14F149500}"
EndProject
Project("{2150E333-8FDC-42A3-9474-1A3956D46DE8}") = "Task5", "Task5", "{ED281134-762F-478F-A185-5A5F4118AC44}"
EndProject
Project("{FAE04EC0-301F-11D3-BF4B-00C04F79EFBC}") = "Tyuiu.GulienkoPO.Sprint6.Task5.V7.Lib", "Tyuiu.GulienkoPO.Sprint6.Task5.V7.Lib\Tyuiu.GulienkoPO.Sprint6.Task5.V7.Lib.csproj", "{B15D280D-7866-4D3C-92D1-79A69A97117A}"
EndProject
Project("{FAE04EC0-301F-11D3-BF4B-00C04F79EFBC}") = "Tyuiu.GulienkoPO.Sprint6.Task5.V7.Test", "Tyuiu.GulienkoPO.Sprint6.Task5.V7.Test\Tyuiu.GulienkoPO.Sprint6.Task5.V7.Test.csproj", "{CABC1CB6-CB2D-4E23-8F13-27EC208B33DF}"
EndProject
Project("{FAE04EC0-301F-11D3-BF4B-00C04F79EFBC}") = "Tyuiu.GulienkoPO.Sprint6.Task5.V7", "Tyuiu.GulienkoPO.Sprint6.Task5.V7\Tyuiu.GulienkoPO.Sprint6.Task5.V7.csproj", "{E9C7ED65-BCC2-4EE3-A3BB-7C82A609356A}"
EndProject
Project("{2150E333-8FDC-42A3-9474-1A3956D46DE8}") = "Task6", "Task6", "{B2F30520-6B3D-4090-9D28-F6CFF91C8492}"
EndProject
Project("{FAE04EC0-301F-11D3-BF4B-00C04F79EFBC}") = "Tyuiu.GulienkoPO.Sprint6.Task6.V7.Lib", "Tyuiu.GulienkoPO.Sprint6.Task6.V7.Lib\Tyuiu.GulienkoPO.Sprint6.Task6.V7.Lib.csproj", "{831EB908-0ACD-4205-AD5E-F3FF0F4DE337}"
EndProject
Project("{FAE04EC0-301F-11D3-BF4B-00C04F79EFBC}") = "Tyuiu.GulienkoPO.Sprint6.Task6.V7.Test", "Tyuiu.GulienkoPO.Sprint6.Task6.V7.Test\Tyuiu.GulienkoPO.Sprint6.Task6.V7.Test.csproj", "{E3E88E45-2C77-4957-9CDE-651B1C1378B5}"
EndProject
Project("{FAE04EC0-301F-11D3-BF4B-00C04F79EFBC}") = "Tyuiu.GulienkoPO.Sprint6.Task6.V7", "Tyuiu.GulienkoPO.Sprint6.Task6.V7\Tyuiu.GulienkoPO.Sprint6.Task6.V7.csproj", "{7DF6668A-FC1C-49E5-8673-93E1A68799DA}"
EndProject
Global
	GlobalSection(SolutionConfigurationPlatforms) = preSolution
		Debug|Any CPU = Debug|Any CPU
		Release|Any CPU = Release|Any CPU
	EndGlobalSection
	GlobalSection(ProjectConfigurationPlatforms) = postSolution
		{540A66CC-5011-4225-BF8A-781CECBCC065}.Debug|Any CPU.ActiveCfg = Debug|Any CPU
		{540A66CC-5011-4225-BF8A-781CECBCC065}.Debug|Any CPU.Build.0 = Debug|Any CPU
		{540A66CC-5011-4225-BF8A-781CECBCC065}.Release|Any CPU.ActiveCfg = Release|Any CPU
		{540A66CC-5011-4225-BF8A-781CECBCC065}.Release|Any CPU.Build.0 = Release|Any CPU
		{A1223AA5-16F2-4EB1-8794-D3026B79951A}.Debug|Any CPU.ActiveCfg = Debug|Any CPU
		{A1223AA5-16F2-4EB1-8794-D3026B79951A}.Debug|Any CPU.Build.0 = Debug|Any CPU
		{A1223AA5-16F2-4EB1-8794-D3026B79951A}.Release|Any CPU.ActiveCfg = Release|Any CPU
		{A1223AA5-16F2-4EB1-8794-D3026B79951A}.Release|Any CPU.Build.0 = Release|Any CPU
		{D80DD997-5C8F-43BA-A3CE-47F053F3993D}.Debug|Any CPU.ActiveCfg = Debug|Any CPU
		{D80DD997-5C8F-43BA-A3CE-47F053F3993D}.Debug|Any CPU.Build.0 = Debug|Any CPU
		{D80DD997-5C8F-43BA-A3CE-47F053F3993D}.Release|Any CPU.ActiveCfg = Release|Any CPU
		{D80DD997-5C8F-43BA-A3CE-47F053F3993D}.Release|Any CPU.Build.0 = Release|Any CPU
		{80D57BA6-18A1-477A-B313-E1FF1A4B36FB}.Debug|Any CPU.ActiveCfg = Debug|Any CPU
		{80D57BA6-18A1-477A-B313-E1FF1A4B36FB}.Debug|Any CPU.Build.0 = Debug|Any CPU
		{80D57BA6-18A1-477A-B313-E1FF1A4B36FB}.Release|Any CPU.ActiveCfg = Release|Any CPU
		{80D57BA6-18A1-477A-B313-E1FF1A4B36FB}.Release|Any CPU.Build.0 = Release|Any CPU
		{0B03C3A9-4267-4573-BE55-B11FB13FEBE8}.Debug|Any CPU.ActiveCfg = Debug|Any CPU
		{0B03C3A9-4267-4573-BE55-B11FB13FEBE8}.Debug|Any CPU.Build.0 = Debug|Any CPU
		{0B03C3A9-4267-4573-BE55-B11FB13FEBE8}.Release|Any CPU.ActiveCfg = Release|Any CPU
		{0B03C3A9-4267-4573-BE55-B11FB13FEBE8}.Release|Any CPU.Build.0 = Release|Any CPU
		{96BA0596-CA87-4BF7-AF31-70D382368F9D}.Debug|Any CPU.ActiveCfg = Debug|Any CPU
		{96BA0596-CA87-4BF7-AF31-70D382368F9D}.Debug|Any CPU.Build.0 = Debug|Any CPU
		{96BA0596-CA87-4BF7-AF31-70D382368F9D}.Release|Any CPU.ActiveCfg = Release|Any CPU
		{96BA0596-CA87-4BF7-AF31-70D382368F9D}.Release|Any CPU.Build.0 = Release|Any CPU
		{932872B3-0DEB-4130-8EEB-20381F1F2EC8}.Debug|Any CPU.ActiveCfg = Debug|Any CPU
		{932872B3-0DEB-4130-8EEB-20381F1F2EC8}.Debug|Any CPU.Build.0 = Debug|Any CPU
		{932872B3-0DEB-4130-8EEB-20381F1F2EC8}.Release|Any CPU.ActiveCfg = Release|Any CPU
		{932872B3-0DEB-4130-8EEB-20381F1F2EC8}.Release|Any CPU.Build.0 = Release|Any CPU
		{F8A1EF03-87EE-4E1C-BDE0-83E028E4DDE1}.Debug|Any CPU.ActiveCfg = Debug|Any CPU
		{F8A1EF03-87EE-4E1C-BDE0-83E028E4DDE1}.Debug|Any CPU.Build.0 = Debug|Any CPU
		{F8A1EF03-87EE-4E1C-BDE0-83E028E4DDE1}.Release|Any CPU.ActiveCfg = Release|Any CPU
		{F8A1EF03-87EE-4E1C-BDE0-83E028E4DDE1}.Release|Any CPU.Build.0 = Release|Any CPU
		{8F158F40-FA5C-4B71-9513-7228A9FBDC45}.Debug|Any CPU.ActiveCfg = Debug|Any CPU
		{8F158F40-FA5C-4B71-9513-7228A9FBDC45}.Debug|Any CPU.Build.0 = Debug|Any CPU
		{8F158F40-FA5C-4B71-9513-7228A9FBDC45}.Release|Any CPU.ActiveCfg = Release|Any CPU
		{8F158F40-FA5C-4B71-9513-7228A9FBDC45}.Release|Any CPU.Build.0 = Release|Any CPU
		{4B60FD63-C3D8-4F73-A238-72FC8C51767B}.Debug|Any CPU.ActiveCfg = Debug|Any CPU
		{4B60FD63-C3D8-4F73-A238-72FC8C51767B}.Debug|Any CPU.Build.0 = Debug|Any CPU
		{4B60FD63-C3D8-4F73-A238-72FC8C51767B}.Release|Any CPU.ActiveCfg = Release|Any CPU
		{4B60FD63-C3D8-4F73-A238-72FC8C51767B}.Release|Any CPU.Build.0 = Release|Any CPU
		{E2888676-DEC7-4B67-B58B-B8B3351DB3E4}.Debug|Any CPU.ActiveCfg = Debug|Any CPU
		{E2888676-DEC7-4B67-B58B-B8B3351DB3E4}.Debug|Any CPU.Build.0 = Debug|Any CPU
		{E2888676-DEC7-4B67-B58B-B8B3351DB3E4}.Release|Any CPU.ActiveCfg = Release|Any CPU
		{E2888676-DEC7-4B67-B58B-B8B3351DB3E4}.Release|Any CPU.Build.0 = Release|Any CPU
		{3FBD9F5C-0602-4426-9169-C2D343CAAF7C}.Debug|Any CPU.ActiveCfg = Debug|Any CPU
		{3FBD9F5C-0602-4426-9169-C2D343CAAF7C}.Debug|Any CPU.Build.0 = Debug|Any CPU
		{3FBD9F5C-0602-4426-9169-C2D343CAAF7C}.Release|Any CPU.ActiveCfg = Release|Any CPU
		{3FBD9F5C-0602-4426-9169-C2D343CAAF7C}.Release|Any CPU.Build.0 = Release|Any CPU
		{D03F63CB-321C-487E-83F0-02DBB2D7FE3F}.Debug|Any CPU.ActiveCfg = Debug|Any CPU
		{D03F63CB-321C-487E-83F0-02DBB2D7FE3F}.Debug|Any CPU.Build.0 = Debug|Any CPU
		{D03F63CB-321C-487E-83F0-02DBB2D7FE3F}.Release|Any CPU.ActiveCfg = Release|Any CPU
		{D03F63CB-321C-487E-83F0-02DBB2D7FE3F}.Release|Any CPU.Build.0 = Release|Any CPU
		{24BC90A8-6826-4D11-AED9-959A3B24544D}.Debug|Any CPU.ActiveCfg = Debug|Any CPU
		{24BC90A8-6826-4D11-AED9-959A3B24544D}.Debug|Any CPU.Build.0 = Debug|Any CPU
		{24BC90A8-6826-4D11-AED9-959A3B24544D}.Release|Any CPU.ActiveCfg = Release|Any CPU
		{24BC90A8-6826-4D11-AED9-959A3B24544D}.Release|Any CPU.Build.0 = Release|Any CPU
		{988734C3-EB5B-4ADE-8343-DCF14F149500}.Debug|Any CPU.ActiveCfg = Debug|Any CPU
		{988734C3-EB5B-4ADE-8343-DCF14F149500}.Debug|Any CPU.Build.0 = Debug|Any CPU
		{988734C3-EB5B-4ADE-8343-DCF14F149500}.Release|Any CPU.ActiveCfg = Release|Any CPU
		{988734C3-EB5B-4ADE-8343-DCF14F149500}.Release|Any CPU.Build.0 = Release|Any CPU
		{B15D280D-7866-4D3C-92D1-79A69A97117A}.Debug|Any CPU.ActiveCfg = Debug|Any CPU
		{B15D280D-7866-4D3C-92D1-79A69A97117A}.Debug|Any CPU.Build.0 = Debug|Any CPU
		{B15D280D-7866-4D3C-92D1-79A69A97117A}.Release|Any CPU.ActiveCfg = Release|Any CPU
		{B15D280D-7866-4D3C-92D1-79A69A97117A}.Release|Any CPU.Build.0 = Release|Any CPU
		{CABC1CB6-CB2D-4E23-8F13-27EC208B33DF}.Debug|Any CPU.ActiveCfg = Debug|Any CPU
		{CABC1CB6-CB2D-4E23-8F13-27EC208B33DF}.Debug|Any CPU.Build.0 = Debug|Any CPU
		{CABC1CB6-CB2D-4E23-8F13-27EC208B33DF}.Release|Any CPU.ActiveCfg = Release|Any CPU
		{CABC1CB6-CB2D-4E23-8F13-27EC208B33DF}.Release|Any CPU.Build.0 = Release|Any CPU
		{E9C7ED65-BCC2-4EE3-A3BB-7C82A609356A}.Debug|Any CPU.ActiveCfg = Debug|Any CPU
		{E9C7ED65-BCC2-4EE3-A3BB-7C82A609356A}.Debug|Any CPU.Build.0 = Debug|Any CPU
		{E9C7ED65-BCC2-4EE3-A3BB-7C82A609356A}.Release|Any CPU.ActiveCfg = Release|Any CPU
		{E9C7ED65-BCC2-4EE3-A3BB-7C82A609356A}.Release|Any CPU.Build.0 = Release|Any CPU
		{831EB908-0ACD-4205-AD5E-F3FF0F4DE337}.Debug|Any CPU.ActiveCfg = Debug|Any CPU
		{831EB908-0ACD-4205-AD5E-F3FF0F4DE337}.Debug|Any CPU.Build.0 = Debug|Any CPU
		{831EB908-0ACD-4205-AD5E-F3FF0F4DE337}.Release|Any CPU.ActiveCfg = Release|Any CPU
		{831EB908-0ACD-4205-AD5E-F3FF0F4DE337}.Release|Any CPU.Build.0 = Release|Any CPU
		{E3E88E45-2C77-4957-9CDE-651B1C1378B5}.Debug|Any CPU.ActiveCfg = Debug|Any CPU
		{E3E88E45-2C77-4957-9CDE-651B1C1378B5}.Debug|Any CPU.Build.0 = Debug|Any CPU
		{E3E88E45-2C77-4957-9CDE-651B1C1378B5}.Release|Any CPU.ActiveCfg = Release|Any CPU
		{E3E88E45-2C77-4957-9CDE-651B1C1378B5}.Release|Any CPU.Build.0 = Release|Any CPU
		{7DF6668A-FC1C-49E5-8673-93E1A68799DA}.Debug|Any CPU.ActiveCfg = Debug|Any CPU
		{7DF6668A-FC1C-49E5-8673-93E1A68799DA}.Debug|Any CPU.Build.0 = Debug|Any CPU
		{7DF6668A-FC1C-49E5-8673-93E1A68799DA}.Release|Any CPU.ActiveCfg = Release|Any CPU
		{7DF6668A-FC1C-49E5-8673-93E1A68799DA}.Release|Any CPU.Build.0 = Release|Any CPU
	EndGlobalSection
	GlobalSection(SolutionProperties) = preSolution
		HideSolutionNode = FALSE
	EndGlobalSection
	GlobalSection(NestedProjects) = preSolution
		{540A66CC-5011-4225-BF8A-781CECBCC065} = {898FE159-5D80-4CC0-BDD2-6B87DC2CB96D}
		{A1223AA5-16F2-4EB1-8794-D3026B79951A} = {898FE159-5D80-4CC0-BDD2-6B87DC2CB96D}
		{D80DD997-5C8F-43BA-A3CE-47F053F3993D} = {898FE159-5D80-4CC0-BDD2-6B87DC2CB96D}
		{80D57BA6-18A1-477A-B313-E1FF1A4B36FB} = {5B351F30-3FB6-4C46-AEA2-1F647A459BB2}
		{0B03C3A9-4267-4573-BE55-B11FB13FEBE8} = {5B351F30-3FB6-4C46-AEA2-1F647A459BB2}
		{96BA0596-CA87-4BF7-AF31-70D382368F9D} = {5B351F30-3FB6-4C46-AEA2-1F647A459BB2}
		{932872B3-0DEB-4130-8EEB-20381F1F2EC8} = {96DCEA06-EDCE-48A3-81DA-4971FC53A4CD}
		{F8A1EF03-87EE-4E1C-BDE0-83E028E4DDE1} = {96DCEA06-EDCE-48A3-81DA-4971FC53A4CD}
		{8F158F40-FA5C-4B71-9513-7228A9FBDC45} = {96DCEA06-EDCE-48A3-81DA-4971FC53A4CD}
		{4B60FD63-C3D8-4F73-A238-72FC8C51767B} = {1890F119-4961-4412-A3C0-BEC9E19551BC}
		{E2888676-DEC7-4B67-B58B-B8B3351DB3E4} = {1890F119-4961-4412-A3C0-BEC9E19551BC}
		{3FBD9F5C-0602-4426-9169-C2D343CAAF7C} = {1890F119-4961-4412-A3C0-BEC9E19551BC}
		{D03F63CB-321C-487E-83F0-02DBB2D7FE3F} = {CB81E12B-8441-40E8-9251-07BFC7F99B58}
		{24BC90A8-6826-4D11-AED9-959A3B24544D} = {CB81E12B-8441-40E8-9251-07BFC7F99B58}
		{988734C3-EB5B-4ADE-8343-DCF14F149500} = {CB81E12B-8441-40E8-9251-07BFC7F99B58}
		{B15D280D-7866-4D3C-92D1-79A69A97117A} = {ED281134-762F-478F-A185-5A5F4118AC44}
		{CABC1CB6-CB2D-4E23-8F13-27EC208B33DF} = {ED281134-762F-478F-A185-5A5F4118AC44}
		{E9C7ED65-BCC2-4EE3-A3BB-7C82A609356A} = {ED281134-762F-478F-A185-5A5F4118AC44}
		{831EB908-0ACD-4205-AD5E-F3FF0F4DE337} = {B2F30520-6B3D-4090-9D28-F6CFF91C8492}
		{E3E88E45-2C77-4957-9CDE-651B1C1378B5} = {B2F30520-6B3D-4090-9D28-F6CFF91C8492}
		{7DF6668A-FC1C-49E5-8673-93E1A68799DA} = {B2F30520-6B3D-4090-9D28-F6CFF91C8492}
	EndGlobalSection
	GlobalSection(ExtensibilityGlobals) = postSolution
		SolutionGuid = {9A871837-624D-416E-91D4-DBF60E060034}
	EndGlobalSection
EndGlobal
